
Microsoft Visual Studio Solution File, Format Version 12.00
# Visual Studio Version 17
VisualStudioVersion = 17.1.32414.318
MinimumVisualStudioVersion = 10.0.40219.1
Project("{FAE04EC0-301F-11D3-BF4B-00C04F79EFBC}") = "BookStoreXam.UWP", "BookStoreXam\BookStoreXam.UWP\BookStoreXam.UWP.csproj", "{B9EE856F-6091-4932-A7B0-3B25D0D381E5}"
EndProject
Project("{FAE04EC0-301F-11D3-BF4B-00C04F79EFBC}") = "BookStoreXam", "BookStoreXam\BookStoreXam\BookStoreXam.csproj", "{71202527-CA53-4CDC-BBA1-00EFB800AF40}"
EndProject
Global
	GlobalSection(SolutionConfigurationPlatforms) = preSolution
		Debug|Any CPU = Debug|Any CPU
		Debug|ARM = Debug|ARM
		Debug|x64 = Debug|x64
		Debug|x86 = Debug|x86
		Release|Any CPU = Release|Any CPU
		Release|ARM = Release|ARM
		Release|x64 = Release|x64
		Release|x86 = Release|x86
	EndGlobalSection
	GlobalSection(ProjectConfigurationPlatforms) = postSolution
		{B9EE856F-6091-4932-A7B0-3B25D0D381E5}.Debug|Any CPU.ActiveCfg = Debug|x64
		{B9EE856F-6091-4932-A7B0-3B25D0D381E5}.Debug|Any CPU.Build.0 = Debug|x64
		{B9EE856F-6091-4932-A7B0-3B25D0D381E5}.Debug|Any CPU.Deploy.0 = Debug|x64
		{B9EE856F-6091-4932-A7B0-3B25D0D381E5}.Debug|ARM.ActiveCfg = Debug|ARM
		{B9EE856F-6091-4932-A7B0-3B25D0D381E5}.Debug|ARM.Build.0 = Debug|ARM
		{B9EE856F-6091-4932-A7B0-3B25D0D381E5}.Debug|ARM.Deploy.0 = Debug|ARM
		{B9EE856F-6091-4932-A7B0-3B25D0D381E5}.Debug|x64.ActiveCfg = Debug|x64
		{B9EE856F-6091-4932-A7B0-3B25D0D381E5}.Debug|x64.Build.0 = Debug|x64
		{B9EE856F-6091-4932-A7B0-3B25D0D381E5}.Debug|x64.Deploy.0 = Debug|x64
		{B9EE856F-6091-4932-A7B0-3B25D0D381E5}.Debug|x86.ActiveCfg = Debug|x86
		{B9EE856F-6091-4932-A7B0-3B25D0D381E5}.Debug|x86.Build.0 = Debug|x86
		{B9EE856F-6091-4932-A7B0-3B25D0D381E5}.Debug|x86.Deploy.0 = Debug|x86
		{B9EE856F-6091-4932-A7B0-3B25D0D381E5}.Release|Any CPU.ActiveCfg = Release|x64
		{B9EE856F-6091-4932-A7B0-3B25D0D381E5}.Release|Any CPU.Build.0 = Release|x64
		{B9EE856F-6091-4932-A7B0-3B25D0D381E5}.Release|Any CPU.Deploy.0 = Release|x64
		{B9EE856F-6091-4932-A7B0-3B25D0D381E5}.Release|ARM.ActiveCfg = Release|ARM
		{B9EE856F-6091-4932-A7B0-3B25D0D381E5}.Release|ARM.Build.0 = Release|ARM
		{B9EE856F-6091-4932-A7B0-3B25D0D381E5}.Release|ARM.Deploy.0 = Release|ARM
		{B9EE856F-6091-4932-A7B0-3B25D0D381E5}.Release|x64.ActiveCfg = Release|x64
		{B9EE856F-6091-4932-A7B0-3B25D0D381E5}.Release|x64.Build.0 = Release|x64
		{B9EE856F-6091-4932-A7B0-3B25D0D381E5}.Release|x64.Deploy.0 = Release|x64
		{B9EE856F-6091-4932-A7B0-3B25D0D381E5}.Release|x86.ActiveCfg = Release|x86
		{B9EE856F-6091-4932-A7B0-3B25D0D381E5}.Release|x86.Build.0 = Release|x86
		{B9EE856F-6091-4932-A7B0-3B25D0D381E5}.Release|x86.Deploy.0 = Release|x86
		{71202527-CA53-4CDC-BBA1-00EFB800AF40}.Debug|Any CPU.ActiveCfg = Debug|Any CPU
		{71202527-CA53-4CDC-BBA1-00EFB800AF40}.Debug|Any CPU.Build.0 = Debug|Any CPU
		{71202527-CA53-4CDC-BBA1-00EFB800AF40}.Debug|Any CPU.Deploy.0 = Debug|Any CPU
		{71202527-CA53-4CDC-BBA1-00EFB800AF40}.Debug|ARM.ActiveCfg = Debug|Any CPU
		{71202527-CA53-4CDC-BBA1-00EFB800AF40}.Debug|ARM.Build.0 = Debug|Any CPU
		{71202527-CA53-4CDC-BBA1-00EFB800AF40}.Debug|ARM.Deploy.0 = Debug|Any CPU
		{71202527-CA53-4CDC-BBA1-00EFB800AF40}.Debug|x64.ActiveCfg = Debug|Any CPU
		{71202527-CA53-4CDC-BBA1-00EFB800AF40}.Debug|x64.Build.0 = Debug|Any CPU
		{71202527-CA53-4CDC-BBA1-00EFB800AF40}.Debug|x64.Deploy.0 = Debug|Any CPU
		{71202527-CA53-4CDC-BBA1-00EFB800AF40}.Debug|x86.ActiveCfg = Debug|Any CPU
		{71202527-CA53-4CDC-BBA1-00EFB800AF40}.Debug|x86.Build.0 = Debug|Any CPU
		{71202527-CA53-4CDC-BBA1-00EFB800AF40}.Debug|x86.Deploy.0 = Debug|Any CPU
		{71202527-CA53-4CDC-BBA1-00EFB800AF40}.Release|Any CPU.ActiveCfg = Release|Any CPU
		{71202527-CA53-4CDC-BBA1-00EFB800AF40}.Release|Any CPU.Build.0 = Release|Any CPU
		{71202527-CA53-4CDC-BBA1-00EFB800AF40}.Release|Any CPU.Deploy.0 = Release|Any CPU
		{71202527-CA53-4CDC-BBA1-00EFB800AF40}.Release|ARM.ActiveCfg = Release|Any CPU
		{71202527-CA53-4CDC-BBA1-00EFB800AF40}.Release|ARM.Build.0 = Release|Any CPU
		{71202527-CA53-4CDC-BBA1-00EFB800AF40}.Release|ARM.Deploy.0 = Release|Any CPU
		{71202527-CA53-4CDC-BBA1-00EFB800AF40}.Release|x64.ActiveCfg = Release|Any CPU
		{71202527-CA53-4CDC-BBA1-00EFB800AF40}.Release|x64.Build.0 = Release|Any CPU
		{71202527-CA53-4CDC-BBA1-00EFB800AF40}.Release|x64.Deploy.0 = Release|Any CPU
		{71202527-CA53-4CDC-BBA1-00EFB800AF40}.Release|x86.ActiveCfg = Release|Any CPU
		{71202527-CA53-4CDC-BBA1-00EFB800AF40}.Release|x86.Build.0 = Release|Any CPU
		{71202527-CA53-4CDC-BBA1-00EFB800AF40}.Release|x86.Deploy.0 = Release|Any CPU
	EndGlobalSection
	GlobalSection(SolutionProperties) = preSolution
		HideSolutionNode = FALSE
	EndGlobalSection
	GlobalSection(ExtensibilityGlobals) = postSolution
		SolutionGuid = {CB372948-DA19-458F-86C8-A1CFEC101944}
	EndGlobalSection
EndGlobal
